
Microsoft Visual Studio Solution File, Format Version 12.00
# Visual Studio Version 16
VisualStudioVersion = 16.0.31129.286
MinimumVisualStudioVersion = 10.0.40219.1
Project("{FAE04EC0-301F-11D3-BF4B-00C04F79EFBC}") = "APICatalogoJogos", "APICatalogoJogos.csproj", "{3640C775-B607-46CF-AF22-E12154D6A664}"
EndProject
Global
	GlobalSection(SolutionConfigurationPlatforms) = preSolution
		Debug|Any CPU = Debug|Any CPU
		Release|Any CPU = Release|Any CPU
	EndGlobalSection
	GlobalSection(ProjectConfigurationPlatforms) = postSolution
		{3640C775-B607-46CF-AF22-E12154D6A664}.Debug|Any CPU.ActiveCfg = Debug|Any CPU
		{3640C775-B607-46CF-AF22-E12154D6A664}.Debug|Any CPU.Build.0 = Debug|Any CPU
		{3640C775-B607-46CF-AF22-E12154D6A664}.Release|Any CPU.ActiveCfg = Release|Any CPU
		{3640C775-B607-46CF-AF22-E12154D6A664}.Release|Any CPU.Build.0 = Release|Any CPU
	EndGlobalSection
	GlobalSection(SolutionProperties) = preSolution
		HideSolutionNode = FALSE
	EndGlobalSection
	GlobalSection(ExtensibilityGlobals) = postSolution
		SolutionGuid = {EBED5A26-79BA-457A-8017-45DEA27BF339}
	EndGlobalSection
EndGlobal
